
Microsoft Visual Studio Solution File, Format Version 12.00
# Visual Studio 15
VisualStudioVersion = 15.0.28307.421
MinimumVisualStudioVersion = 10.0.40219.1
Project("{8BC9CEB8-8B4A-11D0-8D11-00A0C91BC942}") = "FindText", "FindText\FindText.vcxproj", "{0283EF94-884C-4A62-8F1F-38BA8FF9470A}"
EndProject
Global
	GlobalSection(SolutionConfigurationPlatforms) = preSolution
		Debug|x64 = Debug|x64
		Debug|x86 = Debug|x86
		Release|x64 = Release|x64
		Release|x86 = Release|x86
	EndGlobalSection
	GlobalSection(ProjectConfigurationPlatforms) = postSolution
		{0283EF94-884C-4A62-8F1F-38BA8FF9470A}.Debug|x64.ActiveCfg = Debug|x64
		{0283EF94-884C-4A62-8F1F-38BA8FF9470A}.Debug|x64.Build.0 = Debug|x64
		{0283EF94-884C-4A62-8F1F-38BA8FF9470A}.Debug|x86.ActiveCfg = Debug|Win32
		{0283EF94-884C-4A62-8F1F-38BA8FF9470A}.Debug|x86.Build.0 = Debug|Win32
		{0283EF94-884C-4A62-8F1F-38BA8FF9470A}.Release|x64.ActiveCfg = Release|x64
		{0283EF94-884C-4A62-8F1F-38BA8FF9470A}.Release|x64.Build.0 = Release|x64
		{0283EF94-884C-4A62-8F1F-38BA8FF9470A}.Release|x86.ActiveCfg = Release|Win32
		{0283EF94-884C-4A62-8F1F-38BA8FF9470A}.Release|x86.Build.0 = Release|Win32
	EndGlobalSection
	GlobalSection(SolutionProperties) = preSolution
		HideSolutionNode = FALSE
	EndGlobalSection
	GlobalSection(ExtensibilityGlobals) = postSolution
		SolutionGuid = {5806CCDB-F13C-45AE-952E-3B581F9D2DF4}
	EndGlobalSection
EndGlobal
