
Microsoft Visual Studio Solution File, Format Version 12.00
# Visual Studio 15
VisualStudioVersion = 15.0.28307.438
MinimumVisualStudioVersion = 10.0.40219.1
Project("{8BC9CEB8-8B4A-11D0-8D11-00A0C91BC942}") = "catch-sample", "catch-sample.vcxproj", "{6B415E75-B08B-4792-9B53-43C22D911A1B}"
EndProject
Project("{8BC9CEB8-8B4A-11D0-8D11-00A0C91BC942}") = "vector", "..\vector\vector.vcxproj", "{B6F928AF-7474-45CA-B749-15B9142CE78C}"
EndProject
Global
	GlobalSection(SolutionConfigurationPlatforms) = preSolution
		Debug|x64 = Debug|x64
		Debug|x86 = Debug|x86
		Release|x64 = Release|x64
		Release|x86 = Release|x86
	EndGlobalSection
	GlobalSection(ProjectConfigurationPlatforms) = postSolution
		{6B415E75-B08B-4792-9B53-43C22D911A1B}.Debug|x64.ActiveCfg = Debug|x64
		{6B415E75-B08B-4792-9B53-43C22D911A1B}.Debug|x64.Build.0 = Debug|x64
		{6B415E75-B08B-4792-9B53-43C22D911A1B}.Debug|x86.ActiveCfg = Debug|Win32
		{6B415E75-B08B-4792-9B53-43C22D911A1B}.Debug|x86.Build.0 = Debug|Win32
		{6B415E75-B08B-4792-9B53-43C22D911A1B}.Release|x64.ActiveCfg = Release|x64
		{6B415E75-B08B-4792-9B53-43C22D911A1B}.Release|x64.Build.0 = Release|x64
		{6B415E75-B08B-4792-9B53-43C22D911A1B}.Release|x86.ActiveCfg = Release|Win32
		{6B415E75-B08B-4792-9B53-43C22D911A1B}.Release|x86.Build.0 = Release|Win32
		{B6F928AF-7474-45CA-B749-15B9142CE78C}.Debug|x64.ActiveCfg = Debug|x64
		{B6F928AF-7474-45CA-B749-15B9142CE78C}.Debug|x64.Build.0 = Debug|x64
		{B6F928AF-7474-45CA-B749-15B9142CE78C}.Debug|x86.ActiveCfg = Debug|Win32
		{B6F928AF-7474-45CA-B749-15B9142CE78C}.Debug|x86.Build.0 = Debug|Win32
		{B6F928AF-7474-45CA-B749-15B9142CE78C}.Release|x64.ActiveCfg = Release|x64
		{B6F928AF-7474-45CA-B749-15B9142CE78C}.Release|x64.Build.0 = Release|x64
		{B6F928AF-7474-45CA-B749-15B9142CE78C}.Release|x86.ActiveCfg = Release|Win32
		{B6F928AF-7474-45CA-B749-15B9142CE78C}.Release|x86.Build.0 = Release|Win32
	EndGlobalSection
	GlobalSection(SolutionProperties) = preSolution
		HideSolutionNode = FALSE
	EndGlobalSection
	GlobalSection(ExtensibilityGlobals) = postSolution
		SolutionGuid = {3E7618EC-E4CA-45C4-B713-88580DCD4A4D}
	EndGlobalSection
EndGlobal
